// !$*UTF8*$!
{
	archiveVersion = 1;
	classes = {
	};
	objectVersion = 46;
	objects = {

/* Begin PBXBuildFile section */
		76188F381F446513009EE7E6 /* AppDelegate.swift in Sources */ = {isa = PBXBuildFile; fileRef = 76188F371F446513009EE7E6 /* AppDelegate.swift */; };
		76188F3A1F446513009EE7E6 /* ViewController.swift in Sources */ = {isa = PBXBuildFile; fileRef = 76188F391F446513009EE7E6 /* ViewController.swift */; };
		76188F3D1F446513009EE7E6 /* Main.storyboard in Resources */ = {isa = PBXBuildFile; fileRef = 76188F3B1F446513009EE7E6 /* Main.storyboard */; };
		76188F401F446513009EE7E6 /* MiraclePil.xcdatamodeld in Sources */ = {isa = PBXBuildFile; fileRef = 76188F3E1F446513009EE7E6 /* MiraclePil.xcdatamodeld */; };
		76188F421F446513009EE7E6 /* Assets.xcassets in Resources */ = {isa = PBXBuildFile; fileRef = 76188F411F446513009EE7E6 /* Assets.xcassets */; };
		76188F451F446513009EE7E6 /* LaunchScreen.storyboard in Resources */ = {isa = PBXBuildFile; fileRef = 76188F431F446513009EE7E6 /* LaunchScreen.storyboard */; };
		76188F501F446513009EE7E6 /* MiraclePilTests.swift in Sources */ = {isa = PBXBuildFile; fileRef = 76188F4F1F446513009EE7E6 /* MiraclePilTests.swift */; };
		76188F5B1F446513009EE7E6 /* MiraclePilUITests.swift in Sources */ = {isa = PBXBuildFile; fileRef = 76188F5A1F446513009EE7E6 /* MiraclePilUITests.swift */; };
/* End PBXBuildFile section */

/* Begin PBXContainerItemProxy section */
		76188F4C1F446513009EE7E6 /* PBXContainerItemProxy */ = {
			isa = PBXContainerItemProxy;
			containerPortal = 76188F2C1F446512009EE7E6 /* Project object */;
			proxyType = 1;
			remoteGlobalIDString = 76188F331F446512009EE7E6;
			remoteInfo = MiraclePil;
		};
		76188F571F446513009EE7E6 /* PBXContainerItemProxy */ = {
			isa = PBXContainerItemProxy;
			containerPortal = 76188F2C1F446512009EE7E6 /* Project object */;
			proxyType = 1;
			remoteGlobalIDString = 76188F331F446512009EE7E6;
			remoteInfo = MiraclePil;
		};
/* End PBXContainerItemProxy section */

/* Begin PBXFileReference section */
		76188F341F446513009EE7E6 /* MiraclePil.app */ = {isa = PBXFileReference; explicitFileType = wrapper.application; includeInIndex = 0; path = MiraclePil.app; sourceTree = BUILT_PRODUCTS_DIR; };
		76188F371F446513009EE7E6 /* AppDelegate.swift */ = {isa = PBXFileReference; lastKnownFileType = sourcecode.swift; path = AppDelegate.swift; sourceTree = "<group>"; };
		76188F391F446513009EE7E6 /* ViewController.swift */ = {isa = PBXFileReference; lastKnownFileType = sourcecode.swift; path = ViewController.swift; sourceTree = "<group>"; };
		76188F3C1F446513009EE7E6 /* Base */ = {isa = PBXFileReference; lastKnownFileType = file.storyboard; name = Base; path = Base.lproj/Main.storyboard; sourceTree = "<group>"; };
		76188F3F1F446513009EE7E6 /* MiraclePil.xcdatamodel */ = {isa = PBXFileReference; lastKnownFileType = wrapper.xcdatamodel; path = MiraclePil.xcdatamodel; sourceTree = "<group>"; };
		76188F411F446513009EE7E6 /* Assets.xcassets */ = {isa = PBXFileReference; lastKnownFileType = folder.assetcatalog; path = Assets.xcassets; sourceTree = "<group>"; };
		76188F441F446513009EE7E6 /* Base */ = {isa = PBXFileReference; lastKnownFileType = file.storyboard; name = Base; path = Base.lproj/LaunchScreen.storyboard; sourceTree = "<group>"; };
		76188F461F446513009EE7E6 /* Info.plist */ = {isa = PBXFileReference; lastKnownFileType = text.plist.xml; path = Info.plist; sourceTree = "<group>"; };
		76188F4B1F446513009EE7E6 /* MiraclePilTests.xctest */ = {isa = PBXFileReference; explicitFileType = wrapper.cfbundle; includeInIndex = 0; path = MiraclePilTests.xctest; sourceTree = BUILT_PRODUCTS_DIR; };
		76188F4F1F446513009EE7E6 /* MiraclePilTests.swift */ = {isa = PBXFileReference; lastKnownFileType = sourcecode.swift; path = MiraclePilTests.swift; sourceTree = "<group>"; };
		76188F511F446513009EE7E6 /* Info.plist */ = {isa = PBXFileReference; lastKnownFileType = text.plist.xml; path = Info.plist; sourceTree = "<group>"; };
		76188F561F446513009EE7E6 /* MiraclePilUITests.xctest */ = {isa = PBXFileReference; explicitFileType = wrapper.cfbundle; includeInIndex = 0; path = MiraclePilUITests.xctest; sourceTree = BUILT_PRODUCTS_DIR; };
		76188F5A1F446513009EE7E6 /* MiraclePilUITests.swift */ = {isa = PBXFileReference; lastKnownFileType = sourcecode.swift; path = MiraclePilUITests.swift; sourceTree = "<group>"; };
		76188F5C1F446513009EE7E6 /* Info.plist */ = {isa = PBXFileReference; lastKnownFileType = text.plist.xml; path = Info.plist; sourceTree = "<group>"; };
/* End PBXFileReference section */

/* Begin PBXFrameworksBuildPhase section */
		76188F311F446512009EE7E6 /* Frameworks */ = {
			isa = PBXFrameworksBuildPhase;
			buildActionMask = 2147483647;
			files = (
			);
			runOnlyForDeploymentPostprocessing = 0;
		};
		76188F481F446513009EE7E6 /* Frameworks */ = {
			isa = PBXFrameworksBuildPhase;
			buildActionMask = 2147483647;
			files = (
			);
			runOnlyForDeploymentPostprocessing = 0;
		};
		76188F531F446513009EE7E6 /* Frameworks */ = {
			isa = PBXFrameworksBuildPhase;
			buildActionMask = 2147483647;
			files = (
			);
			runOnlyForDeploymentPostprocessing = 0;
		};
/* End PBXFrameworksBuildPhase section */

/* Begin PBXGroup section */
		76188F2B1F446512009EE7E6 = {
			isa = PBXGroup;
			children = (
				76188F361F446513009EE7E6 /* MiraclePil */,
				76188F4E1F446513009EE7E6 /* MiraclePilTests */,
				76188F591F446513009EE7E6 /* MiraclePilUITests */,
				76188F351F446513009EE7E6 /* Products */,
			);
			sourceTree = "<group>";
		};
		76188F351F446513009EE7E6 /* Products */ = {
			isa = PBXGroup;
			children = (
				76188F341F446513009EE7E6 /* MiraclePil.app */,
				76188F4B1F446513009EE7E6 /* MiraclePilTests.xctest */,
				76188F561F446513009EE7E6 /* MiraclePilUITests.xctest */,
			);
			name = Products;
			sourceTree = "<group>";
		};
		76188F361F446513009EE7E6 /* MiraclePil */ = {
			isa = PBXGroup;
			children = (
				76188F371F446513009EE7E6 /* AppDelegate.swift */,
				76188F391F446513009EE7E6 /* ViewController.swift */,
				76188F3B1F446513009EE7E6 /* Main.storyboard */,
				76188F411F446513009EE7E6 /* Assets.xcassets */,
				76188F431F446513009EE7E6 /* LaunchScreen.storyboard */,
				76188F461F446513009EE7E6 /* Info.plist */,
				76188F3E1F446513009EE7E6 /* MiraclePil.xcdatamodeld */,
			);
			path = MiraclePil;
			sourceTree = "<group>";
		};
		76188F4E1F446513009EE7E6 /* MiraclePilTests */ = {
			isa = PBXGroup;
			children = (
				76188F4F1F446513009EE7E6 /* MiraclePilTests.swift */,
				76188F511F446513009EE7E6 /* Info.plist */,
			);
			path = MiraclePilTests;
			sourceTree = "<group>";
		};
		76188F591F446513009EE7E6 /* MiraclePilUITests */ = {
			isa = PBXGroup;
			children = (
				76188F5A1F446513009EE7E6 /* MiraclePilUITests.swift */,
				76188F5C1F446513009EE7E6 /* Info.plist */,
			);
			path = MiraclePilUITests;
			sourceTree = "<group>";
		};
/* End PBXGroup section */

/* Begin PBXNativeTarget section */
		76188F331F446512009EE7E6 /* MiraclePil */ = {
			isa = PBXNativeTarget;
			buildConfigurationList = 76188F5F1F446513009EE7E6 /* Build configuration list for PBXNativeTarget "MiraclePil" */;
			buildPhases = (
				76188F301F446512009EE7E6 /* Sources */,
				76188F311F446512009EE7E6 /* Frameworks */,
				76188F321F446512009EE7E6 /* Resources */,
			);
			buildRules = (
			);
			dependencies = (
			);
			name = MiraclePil;
			productName = MiraclePil;
			productReference = 76188F341F446513009EE7E6 /* MiraclePil.app */;
			productType = "com.apple.product-type.application";
		};
		76188F4A1F446513009EE7E6 /* MiraclePilTests */ = {
			isa = PBXNativeTarget;
			buildConfigurationList = 76188F621F446513009EE7E6 /* Build configuration list for PBXNativeTarget "MiraclePilTests" */;
			buildPhases = (
				76188F471F446513009EE7E6 /* Sources */,
				76188F481F446513009EE7E6 /* Frameworks */,
				76188F491F446513009EE7E6 /* Resources */,
			);
			buildRules = (
			);
			dependencies = (
				76188F4D1F446513009EE7E6 /* PBXTargetDependency */,
			);
			name = MiraclePilTests;
			productName = MiraclePilTests;
			productReference = 76188F4B1F446513009EE7E6 /* MiraclePilTests.xctest */;
			productType = "com.apple.product-type.bundle.unit-test";
		};
		76188F551F446513009EE7E6 /* MiraclePilUITests */ = {
			isa = PBXNativeTarget;
			buildConfigurationList = 76188F651F446513009EE7E6 /* Build configuration list for PBXNativeTarget "MiraclePilUITests" */;
			buildPhases = (
				76188F521F446513009EE7E6 /* Sources */,
				76188F531F446513009EE7E6 /* Frameworks */,
				76188F541F446513009EE7E6 /* Resources */,
			);
			buildRules = (
			);
			dependencies = (
				76188F581F446513009EE7E6 /* PBXTargetDependency */,
			);
			name = MiraclePilUITests;
			productName = MiraclePilUITests;
			productReference = 76188F561F446513009EE7E6 /* MiraclePilUITests.xctest */;
			productType = "com.apple.product-type.bundle.ui-testing";
		};
/* End PBXNativeTarget section */

/* Begin PBXProject section */
		76188F2C1F446512009EE7E6 /* Project object */ = {
			isa = PBXProject;
			attributes = {
				LastSwiftUpdateCheck = 0830;
				LastUpgradeCheck = 0830;
				ORGANIZATIONNAME = Cookie;
				TargetAttributes = {
					76188F331F446512009EE7E6 = {
						CreatedOnToolsVersion = 8.3;
						DevelopmentTeam = VB3227H635;
						ProvisioningStyle = Automatic;
					};
					76188F4A1F446513009EE7E6 = {
						CreatedOnToolsVersion = 8.3;
						DevelopmentTeam = VB3227H635;
						ProvisioningStyle = Automatic;
						TestTargetID = 76188F331F446512009EE7E6;
					};
					76188F551F446513009EE7E6 = {
						CreatedOnToolsVersion = 8.3;
						DevelopmentTeam = VB3227H635;
						ProvisioningStyle = Automatic;
						TestTargetID = 76188F331F446512009EE7E6;
					};
				};
			};
			buildConfigurationList = 76188F2F1F446512009EE7E6 /* Build configuration list for PBXProject "MiraclePil" */;
			compatibilityVersion = "Xcode 3.2";
			developmentRegion = English;
			hasScannedForEncodings = 0;
			knownRegions = (
				en,
				Base,
			);
			mainGroup = 76188F2B1F446512009EE7E6;
			productRefGroup = 76188F351F446513009EE7E6 /* Products */;
			projectDirPath = "";
			projectRoot = "";
			targets = (
				76188F331F446512009EE7E6 /* MiraclePil */,
				76188F4A1F446513009EE7E6 /* MiraclePilTests */,
				76188F551F446513009EE7E6 /* MiraclePilUITests */,
			);
		};
/* End PBXProject section */

/* Begin PBXResourcesBuildPhase section */
		76188F321F446512009EE7E6 /* Resources */ = {
			isa = PBXResourcesBuildPhase;
			buildActionMask = 2147483647;
			files = (
				76188F451F446513009EE7E6 /* LaunchScreen.storyboard in Resources */,
				76188F421F446513009EE7E6 /* Assets.xcassets in Resources */,
				76188F3D1F446513009EE7E6 /* Main.storyboard in Resources */,
			);
			runOnlyForDeploymentPostprocessing = 0;
		};
		76188F491F446513009EE7E6 /* Resources */ = {
			isa = PBXResourcesBuildPhase;
			buildActionMask = 2147483647;
			files = (
			);
			runOnlyForDeploymentPostprocessing = 0;
		};
		76188F541F446513009EE7E6 /* Resources */ = {
			isa = PBXResourcesBuildPhase;
			buildActionMask = 2147483647;
			files = (
			);
			runOnlyForDeploymentPostprocessing = 0;
		};
/* End PBXResourcesBuildPhase section */

/* Begin PBXSourcesBuildPhase section */
		76188F301F446512009EE7E6 /* Sources */ = {
			isa = PBXSourcesBuildPhase;
			buildActionMask = 2147483647;
			files = (
				76188F401F446513009EE7E6 /* MiraclePil.xcdatamodeld in Sources */,
				76188F3A1F446513009EE7E6 /* ViewController.swift in Sources */,
				76188F381F446513009EE7E6 /* AppDelegate.swift in Sources */,
			);
			runOnlyForDeploymentPostprocessing = 0;
		};
		76188F471F446513009EE7E6 /* Sources */ = {
			isa = PBXSourcesBuildPhase;
			buildActionMask = 2147483647;
			files = (
				76188F501F446513009EE7E6 /* MiraclePilTests.swift in Sources */,
			);
			runOnlyForDeploymentPostprocessing = 0;
		};
		76188F521F446513009EE7E6 /* Sources */ = {
			isa = PBXSourcesBuildPhase;
			buildActionMask = 2147483647;
			files = (
				76188F5B1F446513009EE7E6 /* MiraclePilUITests.swift in Sources */,
			);
			runOnlyForDeploymentPostprocessing = 0;
		};
/* End PBXSourcesBuildPhase section */

/* Begin PBXTargetDependency section */
		76188F4D1F446513009EE7E6 /* PBXTargetDependency */ = {
			isa = PBXTargetDependency;
			target = 76188F331F446512009EE7E6 /* MiraclePil */;
			targetProxy = 76188F4C1F446513009EE7E6 /* PBXContainerItemProxy */;
		};
		76188F581F446513009EE7E6 /* PBXTargetDependency */ = {
			isa = PBXTargetDependency;
			target = 76188F331F446512009EE7E6 /* MiraclePil */;
			targetProxy = 76188F571F446513009EE7E6 /* PBXContainerItemProxy */;
		};
/* End PBXTargetDependency section */

/* Begin PBXVariantGroup section */
		76188F3B1F446513009EE7E6 /* Main.storyboard */ = {
			isa = PBXVariantGroup;
			children = (
				76188F3C1F446513009EE7E6 /* Base */,
			);
			name = Main.storyboard;
			sourceTree = "<group>";
		};
		76188F431F446513009EE7E6 /* LaunchScreen.storyboard */ = {
			isa = PBXVariantGroup;
			children = (
				76188F441F446513009EE7E6 /* Base */,
			);
			name = LaunchScreen.storyboard;
			sourceTree = "<group>";
		};
/* End PBXVariantGroup section */

/* Begin XCBuildConfiguration section */
		76188F5D1F446513009EE7E6 /* Debug */ = {
			isa = XCBuildConfiguration;
			buildSettings = {
				ALWAYS_SEARCH_USER_PATHS = NO;
				CLANG_ANALYZER_NONNULL = YES;
				CLANG_ANALYZER_NUMBER_OBJECT_CONVERSION = YES_AGGRESSIVE;
				CLANG_CXX_LANGUAGE_STANDARD = "gnu++0x";
				CLANG_CXX_LIBRARY = "libc++";
				CLANG_ENABLE_MODULES = YES;
				CLANG_ENABLE_OBJC_ARC = YES;
				CLANG_WARN_BOOL_CONVERSION = YES;
				CLANG_WARN_CONSTANT_CONVERSION = YES;
				CLANG_WARN_DIRECT_OBJC_ISA_USAGE = YES_ERROR;
				CLANG_WARN_DOCUMENTATION_COMMENTS = YES;
				CLANG_WARN_EMPTY_BODY = YES;
				CLANG_WARN_ENUM_CONVERSION = YES;
				CLANG_WARN_INFINITE_RECURSION = YES;
				CLANG_WARN_INT_CONVERSION = YES;
				CLANG_WARN_OBJC_ROOT_CLASS = YES_ERROR;
				CLANG_WARN_SUSPICIOUS_MOVE = YES;
				CLANG_WARN_UNREACHABLE_CODE = YES;
				CLANG_WARN__DUPLICATE_METHOD_MATCH = YES;
				"CODE_SIGN_IDENTITY[sdk=iphoneos*]" = "iPhone Developer";
				COPY_PHASE_STRIP = NO;
				DEBUG_INFORMATION_FORMAT = dwarf;
				ENABLE_STRICT_OBJC_MSGSEND = YES;
				ENABLE_TESTABILITY = YES;
				GCC_C_LANGUAGE_STANDARD = gnu99;
				GCC_DYNAMIC_NO_PIC = NO;
				GCC_NO_COMMON_BLOCKS = YES;
				GCC_OPTIMIZATION_LEVEL = 0;
				GCC_PREPROCESSOR_DEFINITIONS = (
					"DEBUG=1",
					"$(inherited)",
				);
				GCC_WARN_64_TO_32_BIT_CONVERSION = YES;
				GCC_WARN_ABOUT_RETURN_TYPE = YES_ERROR;
				GCC_WARN_UNDECLARED_SELECTOR = YES;
				GCC_WARN_UNINITIALIZED_AUTOS = YES_AGGRESSIVE;
				GCC_WARN_UNUSED_FUNCTION = YES;
				GCC_WARN_UNUSED_VARIABLE = YES;
				IPHONEOS_DEPLOYMENT_TARGET = 10.3;
				MTL_ENABLE_DEBUG_INFO = YES;
				ONLY_ACTIVE_ARCH = YES;
				SDKROOT = iphoneos;
				SWIFT_ACTIVE_COMPILATION_CONDITIONS = DEBUG;
				SWIFT_OPTIMIZATION_LEVEL = "-Onone";
			};
			name = Debug;
		};
		76188F5E1F446513009EE7E6 /* Release */ = {
			isa = XCBuildConfiguration;
			buildSettings = {
				ALWAYS_SEARCH_USER_PATHS = NO;
				CLANG_ANALYZER_NONNULL = YES;
				CLANG_ANALYZER_NUMBER_OBJECT_CONVERSION = YES_AGGRESSIVE;
				CLANG_CXX_LANGUAGE_STANDARD = "gnu++0x";
				CLANG_CXX_LIBRARY = "libc++";
				CLANG_ENABLE_MODULES = YES;
				CLANG_ENABLE_OBJC_ARC = YES;
				CLANG_WARN_BOOL_CONVERSION = YES;
				CLANG_WARN_CONSTANT_CONVERSION = YES;
				CLANG_WARN_DIRECT_OBJC_ISA_USAGE = YES_ERROR;
				CLANG_WARN_DOCUMENTATION_COMMENTS = YES;
				CLANG_WARN_EMPTY_BODY = YES;
				CLANG_WARN_ENUM_CONVERSION = YES;
				CLANG_WARN_INFINITE_RECURSION = YES;
				CLANG_WARN_INT_CONVERSION = YES;
				CLANG_WARN_OBJC_ROOT_CLASS = YES_ERROR;
				CLANG_WARN_SUSPICIOUS_MOVE = YES;
				CLANG_WARN_UNREACHABLE_CODE = YES;
				CLANG_WARN__DUPLICATE_METHOD_MATCH = YES;
				"CODE_SIGN_IDENTITY[sdk=iphoneos*]" = "iPhone Developer";
				COPY_PHASE_STRIP = NO;
				DEBUG_INFORMATION_FORMAT = "dwarf-with-dsym";
				ENABLE_NS_ASSERTIONS = NO;
				ENABLE_STRICT_OBJC_MSGSEND = YES;
				GCC_C_LANGUAGE_STANDARD = gnu99;
				GCC_NO_COMMON_BLOCKS = YES;
				GCC_WARN_64_TO_32_BIT_CONVERSION = YES;
				GCC_WARN_ABOUT_RETURN_TYPE = YES_ERROR;
				GCC_WARN_UNDECLARED_SELECTOR = YES;
				GCC_WARN_UNINITIALIZED_AUTOS = YES_AGGRESSIVE;
				GCC_WARN_UNUSED_FUNCTION = YES;
				GCC_WARN_UNUSED_VARIABLE = YES;
				IPHONEOS_DEPLOYMENT_TARGET = 10.3;
				MTL_ENABLE_DEBUG_INFO = NO;
				SDKROOT = iphoneos;
				SWIFT_OPTIMIZATION_LEVEL = "-Owholemodule";
				VALIDATE_PRODUCT = YES;
			};
			name = Release;
		};
		76188F601F446513009EE7E6 /* Debug */ = {
			isa = XCBuildConfiguration;
			buildSettings = {
				ASSETCATALOG_COMPILER_APPICON_NAME = AppIcon;
				DEVELOPMENT_TEAM = VB3227H635;
				INFOPLIST_FILE = MiraclePil/Info.plist;
				LD_RUNPATH_SEARCH_PATHS = "$(inherited) @executable_path/Frameworks";
				PRODUCT_BUNDLE_IDENTIFIER = GC.MiraclePil;
				PRODUCT_NAME = "$(TARGET_NAME)";
				SWIFT_VERSION = 3.0;
			};
			name = Debug;
		};
		76188F611F446513009EE7E6 /* Release */ = {
			isa = XCBuildConfiguration;
			buildSettings = {
				ASSETCATALOG_COMPILER_APPICON_NAME = AppIcon;
				DEVELOPMENT_TEAM = VB3227H635;
				INFOPLIST_FILE = MiraclePil/Info.plist;
				LD_RUNPATH_SEARCH_PATHS = "$(inherited) @executable_path/Frameworks";
				PRODUCT_BUNDLE_IDENTIFIER = GC.MiraclePil;
				PRODUCT_NAME = "$(TARGET_NAME)";
				SWIFT_VERSION = 3.0;
			};
			name = Release;
		};
		76188F631F446513009EE7E6 /* Debug */ = {
			isa = XCBuildConfiguration;
			buildSettings = {
				ALWAYS_EMBED_SWIFT_STANDARD_LIBRARIES = YES;
				BUNDLE_LOADER = "$(TEST_HOST)";
				DEVELOPMENT_TEAM = VB3227H635;
				INFOPLIST_FILE = MiraclePilTests/Info.plist;
				LD_RUNPATH_SEARCH_PATHS = "$(inherited) @executable_path/Frameworks @loader_path/Frameworks";
				PRODUCT_BUNDLE_IDENTIFIER = GC.MiraclePilTests;
				PRODUCT_NAME = "$(TARGET_NAME)";
				SWIFT_VERSION = 3.0;
				TEST_HOST = "$(BUILT_PRODUCTS_DIR)/MiraclePil.app/MiraclePil";
			};
			name = Debug;
		};
		76188F641F446513009EE7E6 /* Release */ = {
			isa = XCBuildConfiguration;
			buildSettings = {
				ALWAYS_EMBED_SWIFT_STANDARD_LIBRARIES = YES;
				BUNDLE_LOADER = "$(TEST_HOST)";
				DEVELOPMENT_TEAM = VB3227H635;
				INFOPLIST_FILE = MiraclePilTests/Info.plist;
				LD_RUNPATH_SEARCH_PATHS = "$(inherited) @executable_path/Frameworks @loader_path/Frameworks";
				PRODUCT_BUNDLE_IDENTIFIER = GC.MiraclePilTests;
				PRODUCT_NAME = "$(TARGET_NAME)";
				SWIFT_VERSION = 3.0;
				TEST_HOST = "$(BUILT_PRODUCTS_DIR)/MiraclePil.app/MiraclePil";
			};
			name = Release;
		};
		76188F661F446513009EE7E6 /* Debug */ = {
			isa = XCBuildConfiguration;
			buildSettings = {
				ALWAYS_EMBED_SWIFT_STANDARD_LIBRARIES = YES;
				DEVELOPMENT_TEAM = VB3227H635;
				INFOPLIST_FILE = MiraclePilUITests/Info.plist;
				LD_RUNPATH_SEARCH_PATHS = "$(inherited) @executable_path/Frameworks @loader_path/Frameworks";
				PRODUCT_BUNDLE_IDENTIFIER = GC.MiraclePilUITests;
				PRODUCT_NAME = "$(TARGET_NAME)";
				SWIFT_VERSION = 3.0;
				TEST_TARGET_NAME = MiraclePil;
			};
			name = Debug;
		};
		76188F671F446513009EE7E6 /* Release */ = {
			isa = XCBuildConfiguration;
			buildSettings = {
				ALWAYS_EMBED_SWIFT_STANDARD_LIBRARIES = YES;
				DEVELOPMENT_TEAM = VB3227H635;
				INFOPLIST_FILE = MiraclePilUITests/Info.plist;
				LD_RUNPATH_SEARCH_PATHS = "$(inherited) @executable_path/Frameworks @loader_path/Frameworks";
				PRODUCT_BUNDLE_IDENTIFIER = GC.MiraclePilUITests;
				PRODUCT_NAME = "$(TARGET_NAME)";
				SWIFT_VERSION = 3.0;
				TEST_TARGET_NAME = MiraclePil;
			};
			name = Release;
		};
/* End XCBuildConfiguration section */

/* Begin XCConfigurationList section */
		76188F2F1F446512009EE7E6 /* Build configuration list for PBXProject "MiraclePil" */ = {
			isa = XCConfigurationList;
			buildConfigurations = (
				76188F5D1F446513009EE7E6 /* Debug */,
				76188F5E1F446513009EE7E6 /* Release */,
			);
			defaultConfigurationIsVisible = 0;
			defaultConfigurationName = Release;
		};
		76188F5F1F446513009EE7E6 /* Build configuration list for PBXNativeTarget "MiraclePil" */ = {
			isa = XCConfigurationList;
			buildConfigurations = (
				76188F601F446513009EE7E6 /* Debug */,
				76188F611F446513009EE7E6 /* Release */,
			);
			defaultConfigurationIsVisible = 0;
		};
		76188F621F446513009EE7E6 /* Build configuration list for PBXNativeTarget "MiraclePilTests" */ = {
			isa = XCConfigurationList;
			buildConfigurations = (
				76188F631F446513009EE7E6 /* Debug */,
				76188F641F446513009EE7E6 /* Release */,
			);
			defaultConfigurationIsVisible = 0;
		};
		76188F651F446513009EE7E6 /* Build configuration list for PBXNativeTarget "MiraclePilUITests" */ = {
			isa = XCConfigurationList;
			buildConfigurations = (
				76188F661F446513009EE7E6 /* Debug */,
				76188F671F446513009EE7E6 /* Release */,
			);
			defaultConfigurationIsVisible = 0;
		};
/* End XCConfigurationList section */

/* Begin XCVersionGroup section */
		76188F3E1F446513009EE7E6 /* MiraclePil.xcdatamodeld */ = {
			isa = XCVersionGroup;
			children = (
				76188F3F1F446513009EE7E6 /* MiraclePil.xcdatamodel */,
			);
			currentVersion = 76188F3F1F446513009EE7E6 /* MiraclePil.xcdatamodel */;
			path = MiraclePil.xcdatamodeld;
			sourceTree = "<group>";
			versionGroupType = wrapper.xcdatamodel;
		};
/* End XCVersionGroup section */
	};
	rootObject = 76188F2C1F446512009EE7E6 /* Project object */;
}
